
Microsoft Visual Studio Solution File, Format Version 12.00
Project("{FAE04EC0-301F-11D3-BF4B-00C04F79EFBC}") = "AzureFunction.ChatBot", "AzureFunction.ChatBot\AzureFunction.ChatBot.csproj", "{4263E330-FA5D-4388-B2F1-310CEE607FC3}"
EndProject
Global
	GlobalSection(SolutionConfigurationPlatforms) = preSolution
		Debug|Any CPU = Debug|Any CPU
		Release|Any CPU = Release|Any CPU
	EndGlobalSection
	GlobalSection(ProjectConfigurationPlatforms) = postSolution
		{4263E330-FA5D-4388-B2F1-310CEE607FC3}.Debug|Any CPU.ActiveCfg = Debug|Any CPU
		{4263E330-FA5D-4388-B2F1-310CEE607FC3}.Debug|Any CPU.Build.0 = Debug|Any CPU
		{4263E330-FA5D-4388-B2F1-310CEE607FC3}.Release|Any CPU.ActiveCfg = Release|Any CPU
		{4263E330-FA5D-4388-B2F1-310CEE607FC3}.Release|Any CPU.Build.0 = Release|Any CPU
	EndGlobalSection
EndGlobal
